
Microsoft Visual Studio Solution File, Format Version 12.00
# Visual Studio Version 16
VisualStudioVersion = 16.0.29926.136
MinimumVisualStudioVersion = 10.0.40219.1
Project("{FAE04EC0-301F-11D3-BF4B-00C04F79EFBC}") = "PlatformGame", "PlatformGame\PlatformGame.csproj", "{2962A53E-F359-40EB-A80F-1B70362451F4}"
EndProject
Global
	GlobalSection(SolutionConfigurationPlatforms) = preSolution
		Debug|Any CPU = Debug|Any CPU
		Release|Any CPU = Release|Any CPU
	EndGlobalSection
	GlobalSection(ProjectConfigurationPlatforms) = postSolution
		{2962A53E-F359-40EB-A80F-1B70362451F4}.Debug|Any CPU.ActiveCfg = Debug|Any CPU
		{2962A53E-F359-40EB-A80F-1B70362451F4}.Debug|Any CPU.Build.0 = Debug|Any CPU
		{2962A53E-F359-40EB-A80F-1B70362451F4}.Release|Any CPU.ActiveCfg = Release|Any CPU
		{2962A53E-F359-40EB-A80F-1B70362451F4}.Release|Any CPU.Build.0 = Release|Any CPU
	EndGlobalSection
	GlobalSection(SolutionProperties) = preSolution
		HideSolutionNode = FALSE
	EndGlobalSection
	GlobalSection(ExtensibilityGlobals) = postSolution
		SolutionGuid = {7F541397-5A42-4D81-B20F-D4EE441143CB}
	EndGlobalSection
EndGlobal
